// !$*UTF8*$!
{
	archiveVersion = 1;
	classes = {
	};
	objectVersion = 55;
	objects = {

/* Begin PBXBuildFile section */
		3FBE33A828FB07450085BF21 /* AppDelegate.swift in Sources */ = {isa = PBXBuildFile; fileRef = 3FBE33A728FB07450085BF21 /* AppDelegate.swift */; };
		3FBE33AA28FB07450085BF21 /* SceneDelegate.swift in Sources */ = {isa = PBXBuildFile; fileRef = 3FBE33A928FB07450085BF21 /* SceneDelegate.swift */; };
		3FBE33B128FB07460085BF21 /* Assets.xcassets in Resources */ = {isa = PBXBuildFile; fileRef = 3FBE33B028FB07460085BF21 /* Assets.xcassets */; };
		3FBE33C428FB09E60085BF21 /* ListViewController.swift in Sources */ = {isa = PBXBuildFile; fileRef = 3FBE33C328FB09E60085BF21 /* ListViewController.swift */; };
		3FBE33C628FB0A170085BF21 /* FavoritesViewController.swift in Sources */ = {isa = PBXBuildFile; fileRef = 3FBE33C528FB0A170085BF21 /* FavoritesViewController.swift */; };
		3FBE33C828FB115B0085BF21 /* ListViewModel.swift in Sources */ = {isa = PBXBuildFile; fileRef = 3FBE33C728FB115B0085BF21 /* ListViewModel.swift */; };
		3FBE33CA28FB143E0085BF21 /* SearchViewController.swift in Sources */ = {isa = PBXBuildFile; fileRef = 3FBE33C928FB143E0085BF21 /* SearchViewController.swift */; };
		3FBE33CD28FB2CA30085BF21 /* ListCollectionViewCell.swift in Sources */ = {isa = PBXBuildFile; fileRef = 3FBE33CC28FB2CA30085BF21 /* ListCollectionViewCell.swift */; };
		3FBE33CF28FB2E3C0085BF21 /* UIView+Ext.swift in Sources */ = {isa = PBXBuildFile; fileRef = 3FBE33CE28FB2E3C0085BF21 /* UIView+Ext.swift */; };
		3FBE33D128FB36060085BF21 /* ListModel.swift in Sources */ = {isa = PBXBuildFile; fileRef = 3FBE33D028FB36060085BF21 /* ListModel.swift */; };
		3FBE33D528FB3B500085BF21 /* CPNameLabel.swift in Sources */ = {isa = PBXBuildFile; fileRef = 3FBE33D428FB3B500085BF21 /* CPNameLabel.swift */; };
		3FBE33D728FB3C780085BF21 /* CPSecondaryInfoLabel.swift in Sources */ = {isa = PBXBuildFile; fileRef = 3FBE33D628FB3C780085BF21 /* CPSecondaryInfoLabel.swift */; };
		3FBE33D928FB43060085BF21 /* CPLogoImageView.swift in Sources */ = {isa = PBXBuildFile; fileRef = 3FBE33D828FB43060085BF21 /* CPLogoImageView.swift */; };
		3FBE33DB28FB442B0085BF21 /* NetworkManager.swift in Sources */ = {isa = PBXBuildFile; fileRef = 3FBE33DA28FB442B0085BF21 /* NetworkManager.swift */; };
		3FBE33DD28FB48030085BF21 /* CPError.swift in Sources */ = {isa = PBXBuildFile; fileRef = 3FBE33DC28FB48030085BF21 /* CPError.swift */; };
		3FBE33DF28FD931E0085BF21 /* String+Ext.swift in Sources */ = {isa = PBXBuildFile; fileRef = 3FBE33DE28FD931E0085BF21 /* String+Ext.swift */; };
		3FBE33E128FD9E420085BF21 /* Double+Ext.swift in Sources */ = {isa = PBXBuildFile; fileRef = 3FBE33E028FD9E420085BF21 /* Double+Ext.swift */; };
		3FBE33E328FDFB4F0085BF21 /* CoinModel.swift in Sources */ = {isa = PBXBuildFile; fileRef = 3FBE33E228FDFB4F0085BF21 /* CoinModel.swift */; };
		3FBE33E628FECF510085BF21 /* CPAlertViewController.swift in Sources */ = {isa = PBXBuildFile; fileRef = 3FBE33E528FECF510085BF21 /* CPAlertViewController.swift */; };
		3FBE33E828FED8910085BF21 /* UIViewController+Ext.swift in Sources */ = {isa = PBXBuildFile; fileRef = 3FBE33E728FED8910085BF21 /* UIViewController+Ext.swift */; };
		3FBE33EA28FF49280085BF21 /* PersistenceManager.swift in Sources */ = {isa = PBXBuildFile; fileRef = 3FBE33E928FF49280085BF21 /* PersistenceManager.swift */; };
		3FBE33EC28FFE91A0085BF21 /* DetailCoinViewController.swift in Sources */ = {isa = PBXBuildFile; fileRef = 3FBE33EB28FFE91A0085BF21 /* DetailCoinViewController.swift */; };
		3FBE33EE28FFE9990085BF21 /* DetailCoinViewModel.swift in Sources */ = {isa = PBXBuildFile; fileRef = 3FBE33ED28FFE9990085BF21 /* DetailCoinViewModel.swift */; };
		3FBE33F0290008BB0085BF21 /* CPExplanatoryLabel.swift in Sources */ = {isa = PBXBuildFile; fileRef = 3FBE33EF290008BB0085BF21 /* CPExplanatoryLabel.swift */; };
/* End PBXBuildFile section */

/* Begin PBXFileReference section */
		3FBE33A428FB07450085BF21 /* Crypto Price Tracker.app */ = {isa = PBXFileReference; explicitFileType = wrapper.application; includeInIndex = 0; path = "Crypto Price Tracker.app"; sourceTree = BUILT_PRODUCTS_DIR; };
		3FBE33A728FB07450085BF21 /* AppDelegate.swift */ = {isa = PBXFileReference; lastKnownFileType = sourcecode.swift; path = AppDelegate.swift; sourceTree = "<group>"; };
		3FBE33A928FB07450085BF21 /* SceneDelegate.swift */ = {isa = PBXFileReference; lastKnownFileType = sourcecode.swift; path = SceneDelegate.swift; sourceTree = "<group>"; };
		3FBE33B028FB07460085BF21 /* Assets.xcassets */ = {isa = PBXFileReference; lastKnownFileType = folder.assetcatalog; path = Assets.xcassets; sourceTree = "<group>"; };
		3FBE33B528FB07460085BF21 /* Info.plist */ = {isa = PBXFileReference; lastKnownFileType = text.plist.xml; path = Info.plist; sourceTree = "<group>"; };
		3FBE33C328FB09E60085BF21 /* ListViewController.swift */ = {isa = PBXFileReference; lastKnownFileType = sourcecode.swift; path = ListViewController.swift; sourceTree = "<group>"; };
		3FBE33C528FB0A170085BF21 /* FavoritesViewController.swift */ = {isa = PBXFileReference; lastKnownFileType = sourcecode.swift; path = FavoritesViewController.swift; sourceTree = "<group>"; };
		3FBE33C728FB115B0085BF21 /* ListViewModel.swift */ = {isa = PBXFileReference; lastKnownFileType = sourcecode.swift; path = ListViewModel.swift; sourceTree = "<group>"; };
		3FBE33C928FB143E0085BF21 /* SearchViewController.swift */ = {isa = PBXFileReference; lastKnownFileType = sourcecode.swift; path = SearchViewController.swift; sourceTree = "<group>"; };
		3FBE33CC28FB2CA30085BF21 /* ListCollectionViewCell.swift */ = {isa = PBXFileReference; lastKnownFileType = sourcecode.swift; path = ListCollectionViewCell.swift; sourceTree = "<group>"; };
		3FBE33CE28FB2E3C0085BF21 /* UIView+Ext.swift */ = {isa = PBXFileReference; lastKnownFileType = sourcecode.swift; path = "UIView+Ext.swift"; sourceTree = "<group>"; };
		3FBE33D028FB36060085BF21 /* ListModel.swift */ = {isa = PBXFileReference; lastKnownFileType = sourcecode.swift; path = ListModel.swift; sourceTree = "<group>"; };
		3FBE33D428FB3B500085BF21 /* CPNameLabel.swift */ = {isa = PBXFileReference; lastKnownFileType = sourcecode.swift; path = CPNameLabel.swift; sourceTree = "<group>"; };
		3FBE33D628FB3C780085BF21 /* CPSecondaryInfoLabel.swift */ = {isa = PBXFileReference; lastKnownFileType = sourcecode.swift; path = CPSecondaryInfoLabel.swift; sourceTree = "<group>"; };
		3FBE33D828FB43060085BF21 /* CPLogoImageView.swift */ = {isa = PBXFileReference; lastKnownFileType = sourcecode.swift; path = CPLogoImageView.swift; sourceTree = "<group>"; };
		3FBE33DA28FB442B0085BF21 /* NetworkManager.swift */ = {isa = PBXFileReference; lastKnownFileType = sourcecode.swift; path = NetworkManager.swift; sourceTree = "<group>"; };
		3FBE33DC28FB48030085BF21 /* CPError.swift */ = {isa = PBXFileReference; lastKnownFileType = sourcecode.swift; path = CPError.swift; sourceTree = "<group>"; };
		3FBE33DE28FD931E0085BF21 /* String+Ext.swift */ = {isa = PBXFileReference; lastKnownFileType = sourcecode.swift; path = "String+Ext.swift"; sourceTree = "<group>"; };
		3FBE33E028FD9E420085BF21 /* Double+Ext.swift */ = {isa = PBXFileReference; lastKnownFileType = sourcecode.swift; path = "Double+Ext.swift"; sourceTree = "<group>"; };
		3FBE33E228FDFB4F0085BF21 /* CoinModel.swift */ = {isa = PBXFileReference; lastKnownFileType = sourcecode.swift; path = CoinModel.swift; sourceTree = "<group>"; };
		3FBE33E528FECF510085BF21 /* CPAlertViewController.swift */ = {isa = PBXFileReference; lastKnownFileType = sourcecode.swift; path = CPAlertViewController.swift; sourceTree = "<group>"; };
		3FBE33E728FED8910085BF21 /* UIViewController+Ext.swift */ = {isa = PBXFileReference; lastKnownFileType = sourcecode.swift; path = "UIViewController+Ext.swift"; sourceTree = "<group>"; };
		3FBE33E928FF49280085BF21 /* PersistenceManager.swift */ = {isa = PBXFileReference; lastKnownFileType = sourcecode.swift; path = PersistenceManager.swift; sourceTree = "<group>"; };
		3FBE33EB28FFE91A0085BF21 /* DetailCoinViewController.swift */ = {isa = PBXFileReference; lastKnownFileType = sourcecode.swift; path = DetailCoinViewController.swift; sourceTree = "<group>"; };
		3FBE33ED28FFE9990085BF21 /* DetailCoinViewModel.swift */ = {isa = PBXFileReference; lastKnownFileType = sourcecode.swift; path = DetailCoinViewModel.swift; sourceTree = "<group>"; };
		3FBE33EF290008BB0085BF21 /* CPExplanatoryLabel.swift */ = {isa = PBXFileReference; lastKnownFileType = sourcecode.swift; path = CPExplanatoryLabel.swift; sourceTree = "<group>"; };
/* End PBXFileReference section */

/* Begin PBXFrameworksBuildPhase section */
		3FBE33A128FB07450085BF21 /* Frameworks */ = {
			isa = PBXFrameworksBuildPhase;
			buildActionMask = 2147483647;
			files = (
			);
			runOnlyForDeploymentPostprocessing = 0;
		};
/* End PBXFrameworksBuildPhase section */

/* Begin PBXGroup section */
		3FBE339B28FB07450085BF21 = {
			isa = PBXGroup;
			children = (
				3FBE33A628FB07450085BF21 /* Crypto Price Tracker */,
				3FBE33A528FB07450085BF21 /* Products */,
			);
			sourceTree = "<group>";
		};
		3FBE33A528FB07450085BF21 /* Products */ = {
			isa = PBXGroup;
			children = (
				3FBE33A428FB07450085BF21 /* Crypto Price Tracker.app */,
			);
			name = Products;
			sourceTree = "<group>";
		};
		3FBE33A628FB07450085BF21 /* Crypto Price Tracker */ = {
			isa = PBXGroup;
			children = (
				3FBE33BB28FB07C10085BF21 /* Core */,
				3FBE33BC28FB07D90085BF21 /* Screens */,
				3FBE33C028FB07FD0085BF21 /* ViewModels */,
				3FBE33BF28FB07F10085BF21 /* Views */,
				3FBE33BE28FB07EA0085BF21 /* Managers */,
				3FBE33BD28FB07E30085BF21 /* Models */,
				3FBE33C128FB08210085BF21 /* Extensions */,
				3FBE33C228FB08270085BF21 /* Utilities */,
				3FBE33B528FB07460085BF21 /* Info.plist */,
			);
			path = "Crypto Price Tracker";
			sourceTree = "<group>";
		};
		3FBE33BB28FB07C10085BF21 /* Core */ = {
			isa = PBXGroup;
			children = (
				3FBE33A728FB07450085BF21 /* AppDelegate.swift */,
				3FBE33A928FB07450085BF21 /* SceneDelegate.swift */,
				3FBE33B028FB07460085BF21 /* Assets.xcassets */,
			);
			path = Core;
			sourceTree = "<group>";
		};
		3FBE33BC28FB07D90085BF21 /* Screens */ = {
			isa = PBXGroup;
			children = (
				3FBE33C328FB09E60085BF21 /* ListViewController.swift */,
				3FBE33C528FB0A170085BF21 /* FavoritesViewController.swift */,
				3FBE33C928FB143E0085BF21 /* SearchViewController.swift */,
				3FBE33EB28FFE91A0085BF21 /* DetailCoinViewController.swift */,
			);
			path = Screens;
			sourceTree = "<group>";
		};
		3FBE33BD28FB07E30085BF21 /* Models */ = {
			isa = PBXGroup;
			children = (
				3FBE33D028FB36060085BF21 /* ListModel.swift */,
				3FBE33E228FDFB4F0085BF21 /* CoinModel.swift */,
			);
			path = Models;
			sourceTree = "<group>";
		};
		3FBE33BE28FB07EA0085BF21 /* Managers */ = {
			isa = PBXGroup;
			children = (
				3FBE33DA28FB442B0085BF21 /* NetworkManager.swift */,
				3FBE33E928FF49280085BF21 /* PersistenceManager.swift */,
			);
			path = Managers;
			sourceTree = "<group>";
		};
		3FBE33BF28FB07F10085BF21 /* Views */ = {
			isa = PBXGroup;
			children = (
				3FBE33E428FECF370085BF21 /* Controllers */,
				3FBE33D328FB3AFF0085BF21 /* Labels */,
				3FBE33D228FB3AF20085BF21 /* ImageViews */,
				3FBE33CB28FB2C7D0085BF21 /* Cells */,
			);
			path = Views;
			sourceTree = "<group>";
		};
		3FBE33C028FB07FD0085BF21 /* ViewModels */ = {
			isa = PBXGroup;
			children = (
				3FBE33C728FB115B0085BF21 /* ListViewModel.swift */,
				3FBE33ED28FFE9990085BF21 /* DetailCoinViewModel.swift */,
			);
			path = ViewModels;
			sourceTree = "<group>";
		};
		3FBE33C128FB08210085BF21 /* Extensions */ = {
			isa = PBXGroup;
			children = (
				3FBE33CE28FB2E3C0085BF21 /* UIView+Ext.swift */,
				3FBE33DE28FD931E0085BF21 /* String+Ext.swift */,
				3FBE33E028FD9E420085BF21 /* Double+Ext.swift */,
				3FBE33E728FED8910085BF21 /* UIViewController+Ext.swift */,
			);
			path = Extensions;
			sourceTree = "<group>";
		};
		3FBE33C228FB08270085BF21 /* Utilities */ = {
			isa = PBXGroup;
			children = (
				3FBE33DC28FB48030085BF21 /* CPError.swift */,
			);
			path = Utilities;
			sourceTree = "<group>";
		};
		3FBE33CB28FB2C7D0085BF21 /* Cells */ = {
			isa = PBXGroup;
			children = (
				3FBE33CC28FB2CA30085BF21 /* ListCollectionViewCell.swift */,
			);
			path = Cells;
			sourceTree = "<group>";
		};
		3FBE33D228FB3AF20085BF21 /* ImageViews */ = {
			isa = PBXGroup;
			children = (
				3FBE33D828FB43060085BF21 /* CPLogoImageView.swift */,
			);
			path = ImageViews;
			sourceTree = "<group>";
		};
		3FBE33D328FB3AFF0085BF21 /* Labels */ = {
			isa = PBXGroup;
			children = (
				3FBE33D428FB3B500085BF21 /* CPNameLabel.swift */,
				3FBE33D628FB3C780085BF21 /* CPSecondaryInfoLabel.swift */,
				3FBE33EF290008BB0085BF21 /* CPExplanatoryLabel.swift */,
			);
			path = Labels;
			sourceTree = "<group>";
		};
		3FBE33E428FECF370085BF21 /* Controllers */ = {
			isa = PBXGroup;
			children = (
				3FBE33E528FECF510085BF21 /* CPAlertViewController.swift */,
			);
			path = Controllers;
			sourceTree = "<group>";
		};
/* End PBXGroup section */

/* Begin PBXNativeTarget section */
		3FBE33A328FB07450085BF21 /* Crypto Price Tracker */ = {
			isa = PBXNativeTarget;
			buildConfigurationList = 3FBE33B828FB07460085BF21 /* Build configuration list for PBXNativeTarget "Crypto Price Tracker" */;
			buildPhases = (
				3FBE33A028FB07450085BF21 /* Sources */,
				3FBE33A128FB07450085BF21 /* Frameworks */,
				3FBE33A228FB07450085BF21 /* Resources */,
			);
			buildRules = (
			);
			dependencies = (
			);
			name = "Crypto Price Tracker";
			productName = "Crypto Price Tracker";
			productReference = 3FBE33A428FB07450085BF21 /* Crypto Price Tracker.app */;
			productType = "com.apple.product-type.application";
		};
/* End PBXNativeTarget section */

/* Begin PBXProject section */
		3FBE339C28FB07450085BF21 /* Project object */ = {
			isa = PBXProject;
			attributes = {
				BuildIndependentTargetsInParallel = 1;
				LastSwiftUpdateCheck = 1340;
				LastUpgradeCheck = 1340;
				TargetAttributes = {
					3FBE33A328FB07450085BF21 = {
						CreatedOnToolsVersion = 13.4.1;
					};
				};
			};
			buildConfigurationList = 3FBE339F28FB07450085BF21 /* Build configuration list for PBXProject "Crypto Price Tracker" */;
			compatibilityVersion = "Xcode 13.0";
			developmentRegion = en;
			hasScannedForEncodings = 0;
			knownRegions = (
				en,
				Base,
			);
			mainGroup = 3FBE339B28FB07450085BF21;
			productRefGroup = 3FBE33A528FB07450085BF21 /* Products */;
			projectDirPath = "";
			projectRoot = "";
			targets = (
				3FBE33A328FB07450085BF21 /* Crypto Price Tracker */,
			);
		};
/* End PBXProject section */

/* Begin PBXResourcesBuildPhase section */
		3FBE33A228FB07450085BF21 /* Resources */ = {
			isa = PBXResourcesBuildPhase;
			buildActionMask = 2147483647;
			files = (
				3FBE33B128FB07460085BF21 /* Assets.xcassets in Resources */,
			);
			runOnlyForDeploymentPostprocessing = 0;
		};
/* End PBXResourcesBuildPhase section */

/* Begin PBXSourcesBuildPhase section */
		3FBE33A028FB07450085BF21 /* Sources */ = {
			isa = PBXSourcesBuildPhase;
			buildActionMask = 2147483647;
			files = (
				3FBE33E828FED8910085BF21 /* UIViewController+Ext.swift in Sources */,
				3FBE33E628FECF510085BF21 /* CPAlertViewController.swift in Sources */,
				3FBE33D128FB36060085BF21 /* ListModel.swift in Sources */,
				3FBE33E328FDFB4F0085BF21 /* CoinModel.swift in Sources */,
				3FBE33CF28FB2E3C0085BF21 /* UIView+Ext.swift in Sources */,
				3FBE33E128FD9E420085BF21 /* Double+Ext.swift in Sources */,
				3FBE33D928FB43060085BF21 /* CPLogoImageView.swift in Sources */,
				3FBE33DF28FD931E0085BF21 /* String+Ext.swift in Sources */,
				3FBE33EE28FFE9990085BF21 /* DetailCoinViewModel.swift in Sources */,
				3FBE33DB28FB442B0085BF21 /* NetworkManager.swift in Sources */,
				3FBE33D528FB3B500085BF21 /* CPNameLabel.swift in Sources */,
				3FBE33CA28FB143E0085BF21 /* SearchViewController.swift in Sources */,
				3FBE33EA28FF49280085BF21 /* PersistenceManager.swift in Sources */,
				3FBE33CD28FB2CA30085BF21 /* ListCollectionViewCell.swift in Sources */,
				3FBE33C828FB115B0085BF21 /* ListViewModel.swift in Sources */,
				3FBE33A828FB07450085BF21 /* AppDelegate.swift in Sources */,
				3FBE33DD28FB48030085BF21 /* CPError.swift in Sources */,
				3FBE33AA28FB07450085BF21 /* SceneDelegate.swift in Sources */,
				3FBE33C628FB0A170085BF21 /* FavoritesViewController.swift in Sources */,
				3FBE33F0290008BB0085BF21 /* CPExplanatoryLabel.swift in Sources */,
				3FBE33EC28FFE91A0085BF21 /* DetailCoinViewController.swift in Sources */,
				3FBE33C428FB09E60085BF21 /* ListViewController.swift in Sources */,
				3FBE33D728FB3C780085BF21 /* CPSecondaryInfoLabel.swift in Sources */,
			);
			runOnlyForDeploymentPostprocessing = 0;
		};
/* End PBXSourcesBuildPhase section */

/* Begin XCBuildConfiguration section */
		3FBE33B628FB07460085BF21 /* Debug */ = {
			isa = XCBuildConfiguration;
			buildSettings = {
				ALWAYS_SEARCH_USER_PATHS = NO;
				CLANG_ANALYZER_NONNULL = YES;
				CLANG_ANALYZER_NUMBER_OBJECT_CONVERSION = YES_AGGRESSIVE;
				CLANG_CXX_LANGUAGE_STANDARD = "gnu++17";
				CLANG_ENABLE_MODULES = YES;
				CLANG_ENABLE_OBJC_ARC = YES;
				CLANG_ENABLE_OBJC_WEAK = YES;
				CLANG_WARN_BLOCK_CAPTURE_AUTORELEASING = YES;
				CLANG_WARN_BOOL_CONVERSION = YES;
				CLANG_WARN_COMMA = YES;
				CLANG_WARN_CONSTANT_CONVERSION = YES;
				CLANG_WARN_DEPRECATED_OBJC_IMPLEMENTATIONS = YES;
				CLANG_WARN_DIRECT_OBJC_ISA_USAGE = YES_ERROR;
				CLANG_WARN_DOCUMENTATION_COMMENTS = YES;
				CLANG_WARN_EMPTY_BODY = YES;
				CLANG_WARN_ENUM_CONVERSION = YES;
				CLANG_WARN_INFINITE_RECURSION = YES;
				CLANG_WARN_INT_CONVERSION = YES;
				CLANG_WARN_NON_LITERAL_NULL_CONVERSION = YES;
				CLANG_WARN_OBJC_IMPLICIT_RETAIN_SELF = YES;
				CLANG_WARN_OBJC_LITERAL_CONVERSION = YES;
				CLANG_WARN_OBJC_ROOT_CLASS = YES_ERROR;
				CLANG_WARN_QUOTED_INCLUDE_IN_FRAMEWORK_HEADER = YES;
				CLANG_WARN_RANGE_LOOP_ANALYSIS = YES;
				CLANG_WARN_STRICT_PROTOTYPES = YES;
				CLANG_WARN_SUSPICIOUS_MOVE = YES;
				CLANG_WARN_UNGUARDED_AVAILABILITY = YES_AGGRESSIVE;
				CLANG_WARN_UNREACHABLE_CODE = YES;
				CLANG_WARN__DUPLICATE_METHOD_MATCH = YES;
				COPY_PHASE_STRIP = NO;
				DEBUG_INFORMATION_FORMAT = dwarf;
				ENABLE_STRICT_OBJC_MSGSEND = YES;
				ENABLE_TESTABILITY = YES;
				GCC_C_LANGUAGE_STANDARD = gnu11;
				GCC_DYNAMIC_NO_PIC = NO;
				GCC_NO_COMMON_BLOCKS = YES;
				GCC_OPTIMIZATION_LEVEL = 0;
				GCC_PREPROCESSOR_DEFINITIONS = (
					"DEBUG=1",
					"$(inherited)",
				);
				GCC_WARN_64_TO_32_BIT_CONVERSION = YES;
				GCC_WARN_ABOUT_RETURN_TYPE = YES_ERROR;
				GCC_WARN_UNDECLARED_SELECTOR = YES;
				GCC_WARN_UNINITIALIZED_AUTOS = YES_AGGRESSIVE;
				GCC_WARN_UNUSED_FUNCTION = YES;
				GCC_WARN_UNUSED_VARIABLE = YES;
				IPHONEOS_DEPLOYMENT_TARGET = 15.5;
				MTL_ENABLE_DEBUG_INFO = INCLUDE_SOURCE;
				MTL_FAST_MATH = YES;
				ONLY_ACTIVE_ARCH = YES;
				SDKROOT = iphoneos;
				SWIFT_ACTIVE_COMPILATION_CONDITIONS = DEBUG;
				SWIFT_OPTIMIZATION_LEVEL = "-Onone";
			};
			name = Debug;
		};
		3FBE33B728FB07460085BF21 /* Release */ = {
			isa = XCBuildConfiguration;
			buildSettings = {
				ALWAYS_SEARCH_USER_PATHS = NO;
				CLANG_ANALYZER_NONNULL = YES;
				CLANG_ANALYZER_NUMBER_OBJECT_CONVERSION = YES_AGGRESSIVE;
				CLANG_CXX_LANGUAGE_STANDARD = "gnu++17";
				CLANG_ENABLE_MODULES = YES;
				CLANG_ENABLE_OBJC_ARC = YES;
				CLANG_ENABLE_OBJC_WEAK = YES;
				CLANG_WARN_BLOCK_CAPTURE_AUTORELEASING = YES;
				CLANG_WARN_BOOL_CONVERSION = YES;
				CLANG_WARN_COMMA = YES;
				CLANG_WARN_CONSTANT_CONVERSION = YES;
				CLANG_WARN_DEPRECATED_OBJC_IMPLEMENTATIONS = YES;
				CLANG_WARN_DIRECT_OBJC_ISA_USAGE = YES_ERROR;
				CLANG_WARN_DOCUMENTATION_COMMENTS = YES;
				CLANG_WARN_EMPTY_BODY = YES;
				CLANG_WARN_ENUM_CONVERSION = YES;
				CLANG_WARN_INFINITE_RECURSION = YES;
				CLANG_WARN_INT_CONVERSION = YES;
				CLANG_WARN_NON_LITERAL_NULL_CONVERSION = YES;
				CLANG_WARN_OBJC_IMPLICIT_RETAIN_SELF = YES;
				CLANG_WARN_OBJC_LITERAL_CONVERSION = YES;
				CLANG_WARN_OBJC_ROOT_CLASS = YES_ERROR;
				CLANG_WARN_QUOTED_INCLUDE_IN_FRAMEWORK_HEADER = YES;
				CLANG_WARN_RANGE_LOOP_ANALYSIS = YES;
				CLANG_WARN_STRICT_PROTOTYPES = YES;
				CLANG_WARN_SUSPICIOUS_MOVE = YES;
				CLANG_WARN_UNGUARDED_AVAILABILITY = YES_AGGRESSIVE;
				CLANG_WARN_UNREACHABLE_CODE = YES;
				CLANG_WARN__DUPLICATE_METHOD_MATCH = YES;
				COPY_PHASE_STRIP = NO;
				DEBUG_INFORMATION_FORMAT = "dwarf-with-dsym";
				ENABLE_NS_ASSERTIONS = NO;
				ENABLE_STRICT_OBJC_MSGSEND = YES;
				GCC_C_LANGUAGE_STANDARD = gnu11;
				GCC_NO_COMMON_BLOCKS = YES;
				GCC_WARN_64_TO_32_BIT_CONVERSION = YES;
				GCC_WARN_ABOUT_RETURN_TYPE = YES_ERROR;
				GCC_WARN_UNDECLARED_SELECTOR = YES;
				GCC_WARN_UNINITIALIZED_AUTOS = YES_AGGRESSIVE;
				GCC_WARN_UNUSED_FUNCTION = YES;
				GCC_WARN_UNUSED_VARIABLE = YES;
				IPHONEOS_DEPLOYMENT_TARGET = 15.5;
				MTL_ENABLE_DEBUG_INFO = NO;
				MTL_FAST_MATH = YES;
				SDKROOT = iphoneos;
				SWIFT_COMPILATION_MODE = wholemodule;
				SWIFT_OPTIMIZATION_LEVEL = "-O";
				VALIDATE_PRODUCT = YES;
			};
			name = Release;
		};
		3FBE33B928FB07460085BF21 /* Debug */ = {
			isa = XCBuildConfiguration;
			buildSettings = {
				ASSETCATALOG_COMPILER_APPICON_NAME = AppIcon;
				ASSETCATALOG_COMPILER_GLOBAL_ACCENT_COLOR_NAME = AccentColor;
				CODE_SIGN_STYLE = Automatic;
				CURRENT_PROJECT_VERSION = 1;
				DEVELOPMENT_TEAM = 834C9GJ66P;
				GENERATE_INFOPLIST_FILE = YES;
				INFOPLIST_FILE = "Crypto Price Tracker/Info.plist";
				INFOPLIST_KEY_UIApplicationSupportsIndirectInputEvents = YES;
				INFOPLIST_KEY_UILaunchStoryboardName = LaunchScreen;
				INFOPLIST_KEY_UISupportedInterfaceOrientations_iPad = "UIInterfaceOrientationPortrait UIInterfaceOrientationPortraitUpsideDown UIInterfaceOrientationLandscapeLeft UIInterfaceOrientationLandscapeRight";
				INFOPLIST_KEY_UISupportedInterfaceOrientations_iPhone = "UIInterfaceOrientationPortrait UIInterfaceOrientationLandscapeLeft UIInterfaceOrientationLandscapeRight";
				IPHONEOS_DEPLOYMENT_TARGET = 15.0;
				LD_RUNPATH_SEARCH_PATHS = (
					"$(inherited)",
					"@executable_path/Frameworks",
				);
				MARKETING_VERSION = 1.0;
				PRODUCT_BUNDLE_IDENTIFIER = "ozan.Crypto-Price-Tracker";
				PRODUCT_NAME = "$(TARGET_NAME)";
				SWIFT_EMIT_LOC_STRINGS = YES;
				SWIFT_VERSION = 5.0;
				TARGETED_DEVICE_FAMILY = 1;
			};
			name = Debug;
		};
		3FBE33BA28FB07460085BF21 /* Release */ = {
			isa = XCBuildConfiguration;
			buildSettings = {
				ASSETCATALOG_COMPILER_APPICON_NAME = AppIcon;
				ASSETCATALOG_COMPILER_GLOBAL_ACCENT_COLOR_NAME = AccentColor;
				CODE_SIGN_STYLE = Automatic;
				CURRENT_PROJECT_VERSION = 1;
				DEVELOPMENT_TEAM = 834C9GJ66P;
				GENERATE_INFOPLIST_FILE = YES;
				INFOPLIST_FILE = "Crypto Price Tracker/Info.plist";
				INFOPLIST_KEY_UIApplicationSupportsIndirectInputEvents = YES;
				INFOPLIST_KEY_UILaunchStoryboardName = LaunchScreen;
				INFOPLIST_KEY_UISupportedInterfaceOrientations_iPad = "UIInterfaceOrientationPortrait UIInterfaceOrientationPortraitUpsideDown UIInterfaceOrientationLandscapeLeft UIInterfaceOrientationLandscapeRight";
				INFOPLIST_KEY_UISupportedInterfaceOrientations_iPhone = "UIInterfaceOrientationPortrait UIInterfaceOrientationLandscapeLeft UIInterfaceOrientationLandscapeRight";
				IPHONEOS_DEPLOYMENT_TARGET = 15.0;
				LD_RUNPATH_SEARCH_PATHS = (
					"$(inherited)",
					"@executable_path/Frameworks",
				);
				MARKETING_VERSION = 1.0;
				PRODUCT_BUNDLE_IDENTIFIER = "ozan.Crypto-Price-Tracker";
				PRODUCT_NAME = "$(TARGET_NAME)";
				SWIFT_EMIT_LOC_STRINGS = YES;
				SWIFT_VERSION = 5.0;
				TARGETED_DEVICE_FAMILY = 1;
			};
			name = Release;
		};
/* End XCBuildConfiguration section */

/* Begin XCConfigurationList section */
		3FBE339F28FB07450085BF21 /* Build configuration list for PBXProject "Crypto Price Tracker" */ = {
			isa = XCConfigurationList;
			buildConfigurations = (
				3FBE33B628FB07460085BF21 /* Debug */,
				3FBE33B728FB07460085BF21 /* Release */,
			);
			defaultConfigurationIsVisible = 0;
			defaultConfigurationName = Release;
		};
		3FBE33B828FB07460085BF21 /* Build configuration list for PBXNativeTarget "Crypto Price Tracker" */ = {
			isa = XCConfigurationList;
			buildConfigurations = (
				3FBE33B928FB07460085BF21 /* Debug */,
				3FBE33BA28FB07460085BF21 /* Release */,
			);
			defaultConfigurationIsVisible = 0;
			defaultConfigurationName = Release;
		};
/* End XCConfigurationList section */
	};
	rootObject = 3FBE339C28FB07450085BF21 /* Project object */;
}
